// !$*UTF8*$!
{
	archiveVersion = 1;
	classes = {
	};
	objectVersion = 77;
	objects = {

/* Begin PBXBuildFile section */
		005A72F0086850F5905CF570 /* BootstrapResilienceTests.swift in Sources */ = {isa = PBXBuildFile; fileRef = 39CBE3F283436BEA4AA90B87 /* BootstrapResilienceTests.swift */; };
		02266045012CC059F6FE81AE /* MarkdownTextView.swift in Sources */ = {isa = PBXBuildFile; fileRef = 43FC5FC98C29763EAEE07AC4 /* MarkdownTextView.swift */; };
		037B7682AA7099095823158B /* TagInputView.swift in Sources */ = {isa = PBXBuildFile; fileRef = 48D727CD18CE8BB90DD60789 /* TagInputView.swift */; };
		06829B82ED6CA9A75E8446D5 /* SnapshotTestingPreflight.swift in Sources */ = {isa = PBXBuildFile; fileRef = 6C0DD95794BB8FCE001D2EA1 /* SnapshotTestingPreflight.swift */; };
		0BDAE2B3A57CEAAFA9A24D5F /* ListContinuation.swift in Sources */ = {isa = PBXBuildFile; fileRef = 27636ED22DF53C8F1EC8D8C9 /* ListContinuation.swift */; };
		0DE8D7FA8A4946C1BD6268E5 /* ISO8601.swift in Sources */ = {isa = PBXBuildFile; fileRef = 671E6793B135B08A6FCD4E07 /* ISO8601.swift */; };
		0E3085DCFB32B75D11201B46 /* MarkdownEditorView.swift in Sources */ = {isa = PBXBuildFile; fileRef = 1A2C647FE347D9530DF990A8 /* MarkdownEditorView.swift */; };
		0E62122772FD1EEBC3A8B64F /* Yams in Frameworks */ = {isa = PBXBuildFile; productRef = 76368BE7A2E64957BAA9FBF7 /* Yams */; };
		0F1B1E0A6F58AC8D82DD05E5 /* BackspaceHandler.swift in Sources */ = {isa = PBXBuildFile; fileRef = 5486350B3C1FF778EFD0E9D7 /* BackspaceHandler.swift */; };
		1029D125B11E2CEBD19913C5 /* SectionPickerSheet.swift in Sources */ = {isa = PBXBuildFile; fileRef = 2715B4454D9F248B4EFD5425 /* SectionPickerSheet.swift */; };
		11231A3CD37D6F059D489243 /* SidebarReorderTests.swift in Sources */ = {isa = PBXBuildFile; fileRef = C593D6BAB2B3B2DC55D61C20 /* SidebarReorderTests.swift */; };
		12C0E6CD0A97D8D83E8ACA23 /* ToolbarAction.swift in Sources */ = {isa = PBXBuildFile; fileRef = 397A0864C6F5BEFB2C45212F /* ToolbarAction.swift */; };
		12F0DFCB7BF6095AA5B137A5 /* ExtensionParsers.swift in Sources */ = {isa = PBXBuildFile; fileRef = 63A5E8988ACF9D773B9B14EC /* ExtensionParsers.swift */; };
		1E2A71D19DF6DC2A80D2F818 /* Typography.swift in Sources */ = {isa = PBXBuildFile; fileRef = A33CD6A35D0185EC309F9308 /* Typography.swift */; };
		20AD57708F74C335523B7FEB /* SmartListNavigationTests.swift in Sources */ = {isa = PBXBuildFile; fileRef = 51687A4348FC1DA8FEA2172F /* SmartListNavigationTests.swift */; };
		240F2712A809E8B493493CBA /* ListsUITestsSupport.swift in Sources */ = {isa = PBXBuildFile; fileRef = 2485D3ED3BF427E923A0D5F9 /* ListsUITestsSupport.swift */; };
		26A172198C01159B66C79938 /* Tokens.swift in Sources */ = {isa = PBXBuildFile; fileRef = 6A4E085DAC0E9FD594554865 /* Tokens.swift */; };
		2AF5E0956EF73B3ADD47569F /* EditListsSheet.swift in Sources */ = {isa = PBXBuildFile; fileRef = 8070CACD011A885F0DCB5CB0 /* EditListsSheet.swift */; };
		2D36009451CF71D7FF409A3B /* MarkdownReminderToolbar.swift in Sources */ = {isa = PBXBuildFile; fileRef = 4CAE0A10BC7392228D996B76 /* MarkdownReminderToolbar.swift */; };
		3050A6C3E57CE2EB8D341C8E /* ListsUITestsPreflight.swift in Sources */ = {isa = PBXBuildFile; fileRef = C56989DAFF0BF92C642D6237 /* ListsUITestsPreflight.swift */; };
		327C58074CECEA6F5A24CC8A /* RepeatCustomSheet.swift in Sources */ = {isa = PBXBuildFile; fileRef = 1586004A41EFB5E96BC80A27 /* RepeatCustomSheet.swift */; };
		32E59434A355E22C4A8A3AD0 /* SampleData.swift in Sources */ = {isa = PBXBuildFile; fileRef = B7C8E53B164636C30DD8E3A3 /* SampleData.swift */; };
		3312ED12D4DB5ACE40CE519E /* HabitDetailView.swift in Sources */ = {isa = PBXBuildFile; fileRef = 2D681DA7F60BDEFB04915417 /* HabitDetailView.swift */; };
		33228B7D781EC8B10CFD3714 /* IconBadge.swift in Sources */ = {isa = PBXBuildFile; fileRef = C1AE67F2EF461DD25FED44B7 /* IconBadge.swift */; };
		378516EF73E33A9EE450FE79 /* HabitCycle.swift in Sources */ = {isa = PBXBuildFile; fileRef = B35C55EA9E9CD135CF259374 /* HabitCycle.swift */; };
		38BD4956E57D34C6A16EA7A2 /* SnapshotEnvironment.swift in Sources */ = {isa = PBXBuildFile; fileRef = 3CE9F8F7B2E69D63CDFF9CC7 /* SnapshotEnvironment.swift */; };
		3B23DA5D4DD33531367D2ADD /* IndentHandler.swift in Sources */ = {isa = PBXBuildFile; fileRef = 04E73763669A96A6D3AF9AFB /* IndentHandler.swift */; };
		3BD90A28EA25C415632A2F1C /* RecentlyDeletedView.swift in Sources */ = {isa = PBXBuildFile; fileRef = D5CF206074D0CBB0C74E5280 /* RecentlyDeletedView.swift */; };
		3E5D2D7C3A66CAC18BD2E4BD /* ItemStore.swift in Sources */ = {isa = PBXBuildFile; fileRef = A7922EA7719FEC7BB270AA1C /* ItemStore.swift */; };
		3F51E77712E58E2F468F1B6D /* EditorIntent.swift in Sources */ = {isa = PBXBuildFile; fileRef = BA34A5B12A35DE34706E330F /* EditorIntent.swift */; };
		3F862FA39B5E26FAC88E6421 /* ListIconGlyph.swift in Sources */ = {isa = PBXBuildFile; fileRef = C870F69112BF07C388CF1F52 /* ListIconGlyph.swift */; };
		413C6FE3F8CFA2BF51934FC6 /* ItemList.swift in Sources */ = {isa = PBXBuildFile; fileRef = 202B5E3C690EAED60FDA2632 /* ItemList.swift */; };
		47976974B03DFDF5359693C3 /* TodayEmptyViewSnapshotTests.swift in Sources */ = {isa = PBXBuildFile; fileRef = CB44BFA4BA3DB6FB317CBEA7 /* TodayEmptyViewSnapshotTests.swift */; };
		4905CE1A7344FF694056E879 /* SettingsViewSnapshotTests.swift in Sources */ = {isa = PBXBuildFile; fileRef = 6511BC85449AA90DEBC3D294 /* SettingsViewSnapshotTests.swift */; };
		4914067DA153F835CCC541FE /* StorageRoot.swift in Sources */ = {isa = PBXBuildFile; fileRef = 198CFD7D9CF84F91BE293D10 /* StorageRoot.swift */; };
		4D6CB47679A7A80792F3A47A /* TestStore.swift in Sources */ = {isa = PBXBuildFile; fileRef = EF96E97942064035C2E6D4C8 /* TestStore.swift */; };
		4D93C78F21838B65E8E9B34D /* MarkdownStyler.swift in Sources */ = {isa = PBXBuildFile; fileRef = 6E9663558B4087C9E4002D6A /* MarkdownStyler.swift */; };
		54E7CD2408883875EC653B4F /* ItemRow.swift in Sources */ = {isa = PBXBuildFile; fileRef = 8AD129DA821F3E7955BAC2F7 /* ItemRow.swift */; };
		55F995D13E96433A2436727C /* Reminder.swift in Sources */ = {isa = PBXBuildFile; fileRef = 329D9E06B84423CDFE2B5284 /* Reminder.swift */; };
		5835A7A6E05B364D0E60E0EA /* ItemTypeDecodingTests.swift in Sources */ = {isa = PBXBuildFile; fileRef = CC1A57698036A83173002A9B /* ItemTypeDecodingTests.swift */; };
		5D5BCEBF813725D4780382FC /* MarkdownInternalTextView.swift in Sources */ = {isa = PBXBuildFile; fileRef = 6781E97D092B52ED160FA823 /* MarkdownInternalTextView.swift */; };
		5E36C0E3866F36EDC7EB66F9 /* TagsOverviewView.swift in Sources */ = {isa = PBXBuildFile; fileRef = DCF428D9017CA6B7A365D118 /* TagsOverviewView.swift */; };
		656FF62A78A108CB944739F3 /* SearchResultsView.swift in Sources */ = {isa = PBXBuildFile; fileRef = D706F3C1C1288B38A420E916 /* SearchResultsView.swift */; };
		672F3C915A47080DD12FA74E /* HabitHeatmap.swift in Sources */ = {isa = PBXBuildFile; fileRef = 10F8D29DC809240A444E8B6C /* HabitHeatmap.swift */; };
		67DCDC5925E3E0A90A1E028D /* CursorSnapping.swift in Sources */ = {isa = PBXBuildFile; fileRef = EE34E9B39B7AB6B8C8978B4E /* CursorSnapping.swift */; };
		68D165C3F24568CC54FD06B8 /* TodayView.swift in Sources */ = {isa = PBXBuildFile; fileRef = 5068B47BB9D968F25F2AF959 /* TodayView.swift */; };
		6927F8F5D3FB746D2FB5BA10 /* SectionReorderTests.swift in Sources */ = {isa = PBXBuildFile; fileRef = 90328414AB6639B0D5FADFCF /* SectionReorderTests.swift */; };
		6CA3903080ADBC73CD26EC2D /* OptionalDateDecodingTests.swift in Sources */ = {isa = PBXBuildFile; fileRef = FE862457C42B71B682CC0784 /* OptionalDateDecodingTests.swift */; };
		6F4E3B2E67F25073BF887AA5 /* TodayEmptyView.swift in Sources */ = {isa = PBXBuildFile; fileRef = 601F65F3C03C99ADBE6C8BE7 /* TodayEmptyView.swift */; };
		71A0987C5D85A59B18E9D00A /* ItemSort.swift in Sources */ = {isa = PBXBuildFile; fileRef = 8D1A884AE1132B7DFA67BB3B /* ItemSort.swift */; };
		72152FB98CAF97299FF0FF64 /* EditorCoordinator.swift in Sources */ = {isa = PBXBuildFile; fileRef = 6547D7A5A3B089AE53ACCE8A /* EditorCoordinator.swift */; };
		735CE37E48E7A9F3D8C312F6 /* SheetPresentationTests.swift in Sources */ = {isa = PBXBuildFile; fileRef = C19A7EC66C7A0ED616489386 /* SheetPresentationTests.swift */; };
		747B9CEC4DE486B524C35163 /* TagInputViewSnapshotTests.swift in Sources */ = {isa = PBXBuildFile; fileRef = 1CD50F75A4FC7E01A2FA95F3 /* TagInputViewSnapshotTests.swift */; };
		794E555A85788F55FF0FD169 /* SmartList.swift in Sources */ = {isa = PBXBuildFile; fileRef = F83F8BFF94088A7C0CBC9F37 /* SmartList.swift */; };
		79FB1F8BBE2C423E8CA084EC /* MarkdownBodyView.swift in Sources */ = {isa = PBXBuildFile; fileRef = D807EC049D1EE3D28C27BE30 /* MarkdownBodyView.swift */; };
		79FFB14D6C4DAE25DC329483 /* Tag.swift in Sources */ = {isa = PBXBuildFile; fileRef = F8BE77534866C92B260F5DD7 /* Tag.swift */; };
		7B4B23E251A6F7AB2274B102 /* SystemDestination.swift in Sources */ = {isa = PBXBuildFile; fileRef = C52C642547C16B84A3CE8758 /* SystemDestination.swift */; };
		7DF0699D99F3ACB0E2D51E39 /* SettingsView.swift in Sources */ = {isa = PBXBuildFile; fileRef = 888BD9D47CCC48D71AC01276 /* SettingsView.swift */; };
		7EB88E4D2097ED7563013E2D /* QuickCaptureSheet.swift in Sources */ = {isa = PBXBuildFile; fileRef = ED8FA8FED2D796644A75089C /* QuickCaptureSheet.swift */; };
		7F0B9E57A436373310A5E688 /* ListViewPreferences.swift in Sources */ = {isa = PBXBuildFile; fileRef = 90FE37497E57422002DC9661 /* ListViewPreferences.swift */; };
		7F2508E96BBCBB95C35ABE17 /* PasteHandler.swift in Sources */ = {isa = PBXBuildFile; fileRef = E5AF225ED4286FA65DD460F4 /* PasteHandler.swift */; };
		81101BC47BEC7E548C981E6E /* SmartListTile.swift in Sources */ = {isa = PBXBuildFile; fileRef = 9BA4FAE8D2564216B552DFAC /* SmartListTile.swift */; };
		85382DBA86A3D824E09E5D0B /* MarkdownEditorTests.swift in Sources */ = {isa = PBXBuildFile; fileRef = CC7752C5016DAD86E55C38B6 /* MarkdownEditorTests.swift */; };
		868AD9ACBC75F8C6C91A90C5 /* SmartListCollectionView.swift in Sources */ = {isa = PBXBuildFile; fileRef = D8CB0EAE785E444B7B588BC8 /* SmartListCollectionView.swift */; };
		87D912D42C29877D71A3195F /* EditSectionsSheet.swift in Sources */ = {isa = PBXBuildFile; fileRef = 58A460EEC9F5FF0849B0CDA0 /* EditSectionsSheet.swift */; };
		89A8CF5FC355F3DC8563A311 /* Assets.xcassets in Resources */ = {isa = PBXBuildFile; fileRef = 6593D5260AC4AB5D65288731 /* Assets.xcassets */; };
		8A42D6199F9AEDF71E31AFF9 /* ItemDetailSheet.swift in Sources */ = {isa = PBXBuildFile; fileRef = 620275337E230BD2B3ABE77F /* ItemDetailSheet.swift */; };
		8A8CBEB14AED7E2654D724BD /* ThreadDestination.swift in Sources */ = {isa = PBXBuildFile; fileRef = 8B19F12CF5CE614B4BA166D9 /* ThreadDestination.swift */; };
		8ABC480E8EFFB23E549AAC7F /* ThreadView.swift in Sources */ = {isa = PBXBuildFile; fileRef = 3BA00394815C92D92813CBE0 /* ThreadView.swift */; };
		8C793F2A06282B421180B410 /* EmojiTextField.swift in Sources */ = {isa = PBXBuildFile; fileRef = 8996B3B889708E610D19C5CF /* EmojiTextField.swift */; };
		8E835C169FB1A7719F74DB50 /* NotificationScheduler.swift in Sources */ = {isa = PBXBuildFile; fileRef = BFE6F8A065507468C9396E39 /* NotificationScheduler.swift */; };
		909DB97242FFE1AD26AB4130 /* SidebarRow.swift in Sources */ = {isa = PBXBuildFile; fileRef = FDE0761E1B75E804666C3DDC /* SidebarRow.swift */; };
		9A18AE3BFBF5795DBB069B1F /* FloatingAddButtonSnapshotTests.swift in Sources */ = {isa = PBXBuildFile; fileRef = 2E476611ACD78CF7E4C8F43E /* FloatingAddButtonSnapshotTests.swift */; };
		9EDDBD573DD4B2A034106526 /* SmartListScreen.swift in Sources */ = {isa = PBXBuildFile; fileRef = 22EC06FFD052D0D9D14E3291 /* SmartListScreen.swift */; };
		9FE50B059E1C7041B0F3F9E6 /* ListSection.swift in Sources */ = {isa = PBXBuildFile; fileRef = B131A992786A2E622B65740A /* ListSection.swift */; };
		A14F007064EF50635A4388BA /* SidebarRowSnapshotTests.swift in Sources */ = {isa = PBXBuildFile; fileRef = A4268A9E334FF039E12CC410 /* SidebarRowSnapshotTests.swift */; };
		AAB2871DF2A317F93B7E3183 /* FileStore.swift in Sources */ = {isa = PBXBuildFile; fileRef = A7F4EC6BEC143011FDDD49E2 /* FileStore.swift */; };
		ABCC740D86BF7A2519DA46BC /* FileStoreQuarantineTests.swift in Sources */ = {isa = PBXBuildFile; fileRef = E0CD93459FB8C810BE9CEA80 /* FileStoreQuarantineTests.swift */; };
		AE7BFC2FE466F8FA029D2C2A /* ItemRowSnapshotTests.swift in Sources */ = {isa = PBXBuildFile; fileRef = EFB4A42CECC059FCEBB0681B /* ItemRowSnapshotTests.swift */; };
		B55B74E6BCA50928D5E3A7A5 /* ParentPickerSheet.swift in Sources */ = {isa = PBXBuildFile; fileRef = 6D29579D4AABD5325280B6C1 /* ParentPickerSheet.swift */; };
		B7A5EE8F2B48751763CEDB23 /* ContentView.swift in Sources */ = {isa = PBXBuildFile; fileRef = 55D8AEE7B91417E18227C9A9 /* ContentView.swift */; };
		BBCFF977171C222DB7BA27C1 /* MarkdownBodyViewSnapshotTests.swift in Sources */ = {isa = PBXBuildFile; fileRef = 2C00B84D81C23E59F193509F /* MarkdownBodyViewSnapshotTests.swift */; };
		BD11C109905258CE58950167 /* ListIconGlyphSnapshotTests.swift in Sources */ = {isa = PBXBuildFile; fileRef = EB2DD812D526F0C475FDD67B /* ListIconGlyphSnapshotTests.swift */; };
		BD744EF257C3E73BE2C3A53B /* FloatingAddButton.swift in Sources */ = {isa = PBXBuildFile; fileRef = 194B2454F56858079AADC915 /* FloatingAddButton.swift */; };
		C1220A6C3FA05E2E16C43E7A /* EarlyReminderCustomSheet.swift in Sources */ = {isa = PBXBuildFile; fileRef = B60588B1C31CC48846A7A2F5 /* EarlyReminderCustomSheet.swift */; };
		C244CD5739D3CA19284BB8F5 /* MarkdownLayoutDelegate.swift in Sources */ = {isa = PBXBuildFile; fileRef = B7D1224106ABCCC0B036ADB6 /* MarkdownLayoutDelegate.swift */; };
		C37071F0A82F2C0C601651DF /* SheetRow.swift in Sources */ = {isa = PBXBuildFile; fileRef = 77C06B9DB281C7A70D94C3FD /* SheetRow.swift */; };
		C5082E261CF5CB22AD89911B /* SwipeActionsTests.swift in Sources */ = {isa = PBXBuildFile; fileRef = 28541CE205EBF1C54006A145 /* SwipeActionsTests.swift */; };
		C75EB0EBCBBCF0A90CD40EBC /* ItemReorderTests.swift in Sources */ = {isa = PBXBuildFile; fileRef = C5A5607A87FAE8096DD45FD9 /* ItemReorderTests.swift */; };
		C7B3B21AA01B13495323471E /* Spacing.swift in Sources */ = {isa = PBXBuildFile; fileRef = 7BFF7A357E3A987368185030 /* Spacing.swift */; };
		CAE218539DFBB15AF1C13747 /* SheetDismissInterceptor.swift in Sources */ = {isa = PBXBuildFile; fileRef = 691DE1D35B9F9FEE34E34E37 /* SheetDismissInterceptor.swift */; };
		CFF4D174DD4873D247F98969 /* MarkdownLayoutManager.swift in Sources */ = {isa = PBXBuildFile; fileRef = 674CA9F3749206C3847CDEC7 /* MarkdownLayoutManager.swift */; };
		D0DD33899D00F61C18109B76 /* SidebarView.swift in Sources */ = {isa = PBXBuildFile; fileRef = DB5D450BCF86DFD391D83FE1 /* SidebarView.swift */; };
		D156C87C5187BA622CB9C94D /* Item.swift in Sources */ = {isa = PBXBuildFile; fileRef = EED208530FB6D50D55F558EF /* Item.swift */; };
		D5031F380D911FEEBB7D328C /* ListDetailView.swift in Sources */ = {isa = PBXBuildFile; fileRef = 337F4509BABDF5C306D7281C /* ListDetailView.swift */; };
		DA3C1AC143C867BC45399961 /* AddItemTests.swift in Sources */ = {isa = PBXBuildFile; fileRef = 8D9EDE94157EA1B909876193 /* AddItemTests.swift */; };
		DDFE0E16D575C1320BC6CEF3 /* SnapshotHost.swift in Sources */ = {isa = PBXBuildFile; fileRef = 9EFF0E7AEAAE39AFADA16E3C /* SnapshotHost.swift */; };
		DF8509CB2ECCF891D721D368 /* ListsApp.swift in Sources */ = {isa = PBXBuildFile; fileRef = B07E483BEAF87968B8BE4D60 /* ListsApp.swift */; };
		E6B3042F16C27160C8DFF308 /* README.md in Resources */ = {isa = PBXBuildFile; fileRef = 6CAB4DCC2713261ABC22F76F /* README.md */; };
		EDA765F8252223CD00545BD7 /* MarkdownUI in Frameworks */ = {isa = PBXBuildFile; productRef = 639A30FF4781330E5336BFB6 /* MarkdownUI */; };
		F033E5A8CC0A0F9EB8C24460 /* NavigationBarTitleColor.swift in Sources */ = {isa = PBXBuildFile; fileRef = B77A796CDEA19C27DA8514F2 /* NavigationBarTitleColor.swift */; };
		F177A3B0DC51C5D87E4F4DE6 /* SnapshotTesting in Frameworks */ = {isa = PBXBuildFile; productRef = ABF1B3C6EC824AF7982C2154 /* SnapshotTesting */; };
		F1C7F0F458A26480DDDAB94F /* CheckboxToggler.swift in Sources */ = {isa = PBXBuildFile; fileRef = DA6EE75EA7A65E0F8EBDD009 /* CheckboxToggler.swift */; };
		F3BBD58C57A71A60F25A0DC7 /* SmartListTileSnapshotTests.swift in Sources */ = {isa = PBXBuildFile; fileRef = E073939D418C358F36EFE2AA /* SmartListTileSnapshotTests.swift */; };
		F4BBBB9F40E269134692A74F /* TimeZonePickerSheet.swift in Sources */ = {isa = PBXBuildFile; fileRef = 32CF0FC1DE191EF07BD72B85 /* TimeZonePickerSheet.swift */; };
		F668C6EF04D9F1BFC9F98AE3 /* CrossListMoveTests.swift in Sources */ = {isa = PBXBuildFile; fileRef = A0DC70FE8CA1E8F7B03B6758 /* CrossListMoveTests.swift */; };
		F829B4B61C046095D0F0BF85 /* ListDetailCollectionView.swift in Sources */ = {isa = PBXBuildFile; fileRef = 93520E421C7AE548269D719D /* ListDetailCollectionView.swift */; };
		FA99E0410F2EF26E6E84BFBD /* ListEditSheet.swift in Sources */ = {isa = PBXBuildFile; fileRef = 73F221920373A9BBD31E68FC /* ListEditSheet.swift */; };
		FE1D6E121A7242C5C34252F2 /* AutoListPreferences.swift in Sources */ = {isa = PBXBuildFile; fileRef = 945477684D371FB2D2CFF6DF /* AutoListPreferences.swift */; };
		FE81887AE1FE2CEA02640E60 /* FrontmatterCodec.swift in Sources */ = {isa = PBXBuildFile; fileRef = 7D55FDA6F5904DAEAF25959E /* FrontmatterCodec.swift */; };
/* End PBXBuildFile section */

/* Begin PBXContainerItemProxy section */
		76A05395516A78762A1A29AC /* PBXContainerItemProxy */ = {
			isa = PBXContainerItemProxy;
			containerPortal = 635BAEA2ED632A270CD09824 /* Project object */;
			proxyType = 1;
			remoteGlobalIDString = 863096FEDCADF705F073DB76;
			remoteInfo = Lists;
		};
		E7AE15B78187AECCF09D44CD /* PBXContainerItemProxy */ = {
			isa = PBXContainerItemProxy;
			containerPortal = 635BAEA2ED632A270CD09824 /* Project object */;
			proxyType = 1;
			remoteGlobalIDString = 863096FEDCADF705F073DB76;
			remoteInfo = Lists;
		};
/* End PBXContainerItemProxy section */

/* Begin PBXFileReference section */
		04E73763669A96A6D3AF9AFB /* IndentHandler.swift */ = {isa = PBXFileReference; lastKnownFileType = sourcecode.swift; path = IndentHandler.swift; sourceTree = "<group>"; };
		10F8D29DC809240A444E8B6C /* HabitHeatmap.swift */ = {isa = PBXFileReference; lastKnownFileType = sourcecode.swift; path = HabitHeatmap.swift; sourceTree = "<group>"; };
		1586004A41EFB5E96BC80A27 /* RepeatCustomSheet.swift */ = {isa = PBXFileReference; lastKnownFileType = sourcecode.swift; path = RepeatCustomSheet.swift; sourceTree = "<group>"; };
		194B2454F56858079AADC915 /* FloatingAddButton.swift */ = {isa = PBXFileReference; lastKnownFileType = sourcecode.swift; path = FloatingAddButton.swift; sourceTree = "<group>"; };
		198CFD7D9CF84F91BE293D10 /* StorageRoot.swift */ = {isa = PBXFileReference; lastKnownFileType = sourcecode.swift; path = StorageRoot.swift; sourceTree = "<group>"; };
		1A2C647FE347D9530DF990A8 /* MarkdownEditorView.swift */ = {isa = PBXFileReference; lastKnownFileType = sourcecode.swift; path = MarkdownEditorView.swift; sourceTree = "<group>"; };
		1CD50F75A4FC7E01A2FA95F3 /* TagInputViewSnapshotTests.swift */ = {isa = PBXFileReference; lastKnownFileType = sourcecode.swift; path = TagInputViewSnapshotTests.swift; sourceTree = "<group>"; };
		202B5E3C690EAED60FDA2632 /* ItemList.swift */ = {isa = PBXFileReference; lastKnownFileType = sourcecode.swift; path = ItemList.swift; sourceTree = "<group>"; };
		22EC06FFD052D0D9D14E3291 /* SmartListScreen.swift */ = {isa = PBXFileReference; lastKnownFileType = sourcecode.swift; path = SmartListScreen.swift; sourceTree = "<group>"; };
		2485D3ED3BF427E923A0D5F9 /* ListsUITestsSupport.swift */ = {isa = PBXFileReference; lastKnownFileType = sourcecode.swift; path = ListsUITestsSupport.swift; sourceTree = "<group>"; };
		2715B4454D9F248B4EFD5425 /* SectionPickerSheet.swift */ = {isa = PBXFileReference; lastKnownFileType = sourcecode.swift; path = SectionPickerSheet.swift; sourceTree = "<group>"; };
		27636ED22DF53C8F1EC8D8C9 /* ListContinuation.swift */ = {isa = PBXFileReference; lastKnownFileType = sourcecode.swift; path = ListContinuation.swift; sourceTree = "<group>"; };
		28541CE205EBF1C54006A145 /* SwipeActionsTests.swift */ = {isa = PBXFileReference; lastKnownFileType = sourcecode.swift; path = SwipeActionsTests.swift; sourceTree = "<group>"; };
		2C00B84D81C23E59F193509F /* MarkdownBodyViewSnapshotTests.swift */ = {isa = PBXFileReference; lastKnownFileType = sourcecode.swift; path = MarkdownBodyViewSnapshotTests.swift; sourceTree = "<group>"; };
		2D681DA7F60BDEFB04915417 /* HabitDetailView.swift */ = {isa = PBXFileReference; lastKnownFileType = sourcecode.swift; path = HabitDetailView.swift; sourceTree = "<group>"; };
		2E476611ACD78CF7E4C8F43E /* FloatingAddButtonSnapshotTests.swift */ = {isa = PBXFileReference; lastKnownFileType = sourcecode.swift; path = FloatingAddButtonSnapshotTests.swift; sourceTree = "<group>"; };
		329D9E06B84423CDFE2B5284 /* Reminder.swift */ = {isa = PBXFileReference; lastKnownFileType = sourcecode.swift; path = Reminder.swift; sourceTree = "<group>"; };
		32CF0FC1DE191EF07BD72B85 /* TimeZonePickerSheet.swift */ = {isa = PBXFileReference; lastKnownFileType = sourcecode.swift; path = TimeZonePickerSheet.swift; sourceTree = "<group>"; };
		337F4509BABDF5C306D7281C /* ListDetailView.swift */ = {isa = PBXFileReference; lastKnownFileType = sourcecode.swift; path = ListDetailView.swift; sourceTree = "<group>"; };
		33F7818B8A852E2B67EF6B33 /* Lists.app */ = {isa = PBXFileReference; includeInIndex = 0; lastKnownFileType = wrapper.application; path = Lists.app; sourceTree = BUILT_PRODUCTS_DIR; };
		397A0864C6F5BEFB2C45212F /* ToolbarAction.swift */ = {isa = PBXFileReference; lastKnownFileType = sourcecode.swift; path = ToolbarAction.swift; sourceTree = "<group>"; };
		39CBE3F283436BEA4AA90B87 /* BootstrapResilienceTests.swift */ = {isa = PBXFileReference; lastKnownFileType = sourcecode.swift; path = BootstrapResilienceTests.swift; sourceTree = "<group>"; };
		3BA00394815C92D92813CBE0 /* ThreadView.swift */ = {isa = PBXFileReference; lastKnownFileType = sourcecode.swift; path = ThreadView.swift; sourceTree = "<group>"; };
		3CE9F8F7B2E69D63CDFF9CC7 /* SnapshotEnvironment.swift */ = {isa = PBXFileReference; lastKnownFileType = sourcecode.swift; path = SnapshotEnvironment.swift; sourceTree = "<group>"; };
		43FC5FC98C29763EAEE07AC4 /* MarkdownTextView.swift */ = {isa = PBXFileReference; lastKnownFileType = sourcecode.swift; path = MarkdownTextView.swift; sourceTree = "<group>"; };
		48D727CD18CE8BB90DD60789 /* TagInputView.swift */ = {isa = PBXFileReference; lastKnownFileType = sourcecode.swift; path = TagInputView.swift; sourceTree = "<group>"; };
		4CAE0A10BC7392228D996B76 /* MarkdownReminderToolbar.swift */ = {isa = PBXFileReference; lastKnownFileType = sourcecode.swift; path = MarkdownReminderToolbar.swift; sourceTree = "<group>"; };
		5068B47BB9D968F25F2AF959 /* TodayView.swift */ = {isa = PBXFileReference; lastKnownFileType = sourcecode.swift; path = TodayView.swift; sourceTree = "<group>"; };
		51687A4348FC1DA8FEA2172F /* SmartListNavigationTests.swift */ = {isa = PBXFileReference; lastKnownFileType = sourcecode.swift; path = SmartListNavigationTests.swift; sourceTree = "<group>"; };
		5486350B3C1FF778EFD0E9D7 /* BackspaceHandler.swift */ = {isa = PBXFileReference; lastKnownFileType = sourcecode.swift; path = BackspaceHandler.swift; sourceTree = "<group>"; };
		55D8AEE7B91417E18227C9A9 /* ContentView.swift */ = {isa = PBXFileReference; lastKnownFileType = sourcecode.swift; path = ContentView.swift; sourceTree = "<group>"; };
		58A460EEC9F5FF0849B0CDA0 /* EditSectionsSheet.swift */ = {isa = PBXFileReference; lastKnownFileType = sourcecode.swift; path = EditSectionsSheet.swift; sourceTree = "<group>"; };
		601F65F3C03C99ADBE6C8BE7 /* TodayEmptyView.swift */ = {isa = PBXFileReference; lastKnownFileType = sourcecode.swift; path = TodayEmptyView.swift; sourceTree = "<group>"; };
		620275337E230BD2B3ABE77F /* ItemDetailSheet.swift */ = {isa = PBXFileReference; lastKnownFileType = sourcecode.swift; path = ItemDetailSheet.swift; sourceTree = "<group>"; };
		63A5E8988ACF9D773B9B14EC /* ExtensionParsers.swift */ = {isa = PBXFileReference; lastKnownFileType = sourcecode.swift; path = ExtensionParsers.swift; sourceTree = "<group>"; };
		6511BC85449AA90DEBC3D294 /* SettingsViewSnapshotTests.swift */ = {isa = PBXFileReference; lastKnownFileType = sourcecode.swift; path = SettingsViewSnapshotTests.swift; sourceTree = "<group>"; };
		6547D7A5A3B089AE53ACCE8A /* EditorCoordinator.swift */ = {isa = PBXFileReference; lastKnownFileType = sourcecode.swift; path = EditorCoordinator.swift; sourceTree = "<group>"; };
		6593D5260AC4AB5D65288731 /* Assets.xcassets */ = {isa = PBXFileReference; lastKnownFileType = folder.assetcatalog; path = Assets.xcassets; sourceTree = "<group>"; };
		671E6793B135B08A6FCD4E07 /* ISO8601.swift */ = {isa = PBXFileReference; lastKnownFileType = sourcecode.swift; path = ISO8601.swift; sourceTree = "<group>"; };
		674CA9F3749206C3847CDEC7 /* MarkdownLayoutManager.swift */ = {isa = PBXFileReference; lastKnownFileType = sourcecode.swift; path = MarkdownLayoutManager.swift; sourceTree = "<group>"; };
		6781E97D092B52ED160FA823 /* MarkdownInternalTextView.swift */ = {isa = PBXFileReference; lastKnownFileType = sourcecode.swift; path = MarkdownInternalTextView.swift; sourceTree = "<group>"; };
		691DE1D35B9F9FEE34E34E37 /* SheetDismissInterceptor.swift */ = {isa = PBXFileReference; lastKnownFileType = sourcecode.swift; path = SheetDismissInterceptor.swift; sourceTree = "<group>"; };
		6A4E085DAC0E9FD594554865 /* Tokens.swift */ = {isa = PBXFileReference; lastKnownFileType = sourcecode.swift; path = Tokens.swift; sourceTree = "<group>"; };
		6C0DD95794BB8FCE001D2EA1 /* SnapshotTestingPreflight.swift */ = {isa = PBXFileReference; lastKnownFileType = sourcecode.swift; path = SnapshotTestingPreflight.swift; sourceTree = "<group>"; };
		6CAB4DCC2713261ABC22F76F /* README.md */ = {isa = PBXFileReference; lastKnownFileType = net.daringfireball.markdown; path = README.md; sourceTree = "<group>"; };
		6D29579D4AABD5325280B6C1 /* ParentPickerSheet.swift */ = {isa = PBXFileReference; lastKnownFileType = sourcecode.swift; path = ParentPickerSheet.swift; sourceTree = "<group>"; };
		6E9663558B4087C9E4002D6A /* MarkdownStyler.swift */ = {isa = PBXFileReference; lastKnownFileType = sourcecode.swift; path = MarkdownStyler.swift; sourceTree = "<group>"; };
		73F221920373A9BBD31E68FC /* ListEditSheet.swift */ = {isa = PBXFileReference; lastKnownFileType = sourcecode.swift; path = ListEditSheet.swift; sourceTree = "<group>"; };
		77C06B9DB281C7A70D94C3FD /* SheetRow.swift */ = {isa = PBXFileReference; lastKnownFileType = sourcecode.swift; path = SheetRow.swift; sourceTree = "<group>"; };
		7BFF7A357E3A987368185030 /* Spacing.swift */ = {isa = PBXFileReference; lastKnownFileType = sourcecode.swift; path = Spacing.swift; sourceTree = "<group>"; };
		7D55FDA6F5904DAEAF25959E /* FrontmatterCodec.swift */ = {isa = PBXFileReference; lastKnownFileType = sourcecode.swift; path = FrontmatterCodec.swift; sourceTree = "<group>"; };
		8070CACD011A885F0DCB5CB0 /* EditListsSheet.swift */ = {isa = PBXFileReference; lastKnownFileType = sourcecode.swift; path = EditListsSheet.swift; sourceTree = "<group>"; };
		888BD9D47CCC48D71AC01276 /* SettingsView.swift */ = {isa = PBXFileReference; lastKnownFileType = sourcecode.swift; path = SettingsView.swift; sourceTree = "<group>"; };
		8996B3B889708E610D19C5CF /* EmojiTextField.swift */ = {isa = PBXFileReference; lastKnownFileType = sourcecode.swift; path = EmojiTextField.swift; sourceTree = "<group>"; };
		8AD129DA821F3E7955BAC2F7 /* ItemRow.swift */ = {isa = PBXFileReference; lastKnownFileType = sourcecode.swift; path = ItemRow.swift; sourceTree = "<group>"; };
		8B19F12CF5CE614B4BA166D9 /* ThreadDestination.swift */ = {isa = PBXFileReference; lastKnownFileType = sourcecode.swift; path = ThreadDestination.swift; sourceTree = "<group>"; };
		8D1A884AE1132B7DFA67BB3B /* ItemSort.swift */ = {isa = PBXFileReference; lastKnownFileType = sourcecode.swift; path = ItemSort.swift; sourceTree = "<group>"; };
		8D9EDE94157EA1B909876193 /* AddItemTests.swift */ = {isa = PBXFileReference; lastKnownFileType = sourcecode.swift; path = AddItemTests.swift; sourceTree = "<group>"; };
		90328414AB6639B0D5FADFCF /* SectionReorderTests.swift */ = {isa = PBXFileReference; lastKnownFileType = sourcecode.swift; path = SectionReorderTests.swift; sourceTree = "<group>"; };
		90FE37497E57422002DC9661 /* ListViewPreferences.swift */ = {isa = PBXFileReference; lastKnownFileType = sourcecode.swift; path = ListViewPreferences.swift; sourceTree = "<group>"; };
		93520E421C7AE548269D719D /* ListDetailCollectionView.swift */ = {isa = PBXFileReference; lastKnownFileType = sourcecode.swift; path = ListDetailCollectionView.swift; sourceTree = "<group>"; };
		945477684D371FB2D2CFF6DF /* AutoListPreferences.swift */ = {isa = PBXFileReference; lastKnownFileType = sourcecode.swift; path = AutoListPreferences.swift; sourceTree = "<group>"; };
		9BA4FAE8D2564216B552DFAC /* SmartListTile.swift */ = {isa = PBXFileReference; lastKnownFileType = sourcecode.swift; path = SmartListTile.swift; sourceTree = "<group>"; };
		9EFF0E7AEAAE39AFADA16E3C /* SnapshotHost.swift */ = {isa = PBXFileReference; lastKnownFileType = sourcecode.swift; path = SnapshotHost.swift; sourceTree = "<group>"; };
		A0DC70FE8CA1E8F7B03B6758 /* CrossListMoveTests.swift */ = {isa = PBXFileReference; lastKnownFileType = sourcecode.swift; path = CrossListMoveTests.swift; sourceTree = "<group>"; };
		A33CD6A35D0185EC309F9308 /* Typography.swift */ = {isa = PBXFileReference; lastKnownFileType = sourcecode.swift; path = Typography.swift; sourceTree = "<group>"; };
		A4268A9E334FF039E12CC410 /* SidebarRowSnapshotTests.swift */ = {isa = PBXFileReference; lastKnownFileType = sourcecode.swift; path = SidebarRowSnapshotTests.swift; sourceTree = "<group>"; };
		A7922EA7719FEC7BB270AA1C /* ItemStore.swift */ = {isa = PBXFileReference; lastKnownFileType = sourcecode.swift; path = ItemStore.swift; sourceTree = "<group>"; };
		A7F4EC6BEC143011FDDD49E2 /* FileStore.swift */ = {isa = PBXFileReference; lastKnownFileType = sourcecode.swift; path = FileStore.swift; sourceTree = "<group>"; };
		AA17CDA220B8F93038B6CCA6 /* Info.plist */ = {isa = PBXFileReference; lastKnownFileType = text.plist; path = Info.plist; sourceTree = "<group>"; };
		B07E483BEAF87968B8BE4D60 /* ListsApp.swift */ = {isa = PBXFileReference; lastKnownFileType = sourcecode.swift; path = ListsApp.swift; sourceTree = "<group>"; };
		B131A992786A2E622B65740A /* ListSection.swift */ = {isa = PBXFileReference; lastKnownFileType = sourcecode.swift; path = ListSection.swift; sourceTree = "<group>"; };
		B35C55EA9E9CD135CF259374 /* HabitCycle.swift */ = {isa = PBXFileReference; lastKnownFileType = sourcecode.swift; path = HabitCycle.swift; sourceTree = "<group>"; };
		B60588B1C31CC48846A7A2F5 /* EarlyReminderCustomSheet.swift */ = {isa = PBXFileReference; lastKnownFileType = sourcecode.swift; path = EarlyReminderCustomSheet.swift; sourceTree = "<group>"; };
		B77A796CDEA19C27DA8514F2 /* NavigationBarTitleColor.swift */ = {isa = PBXFileReference; lastKnownFileType = sourcecode.swift; path = NavigationBarTitleColor.swift; sourceTree = "<group>"; };
		B7C8E53B164636C30DD8E3A3 /* SampleData.swift */ = {isa = PBXFileReference; lastKnownFileType = sourcecode.swift; path = SampleData.swift; sourceTree = "<group>"; };
		B7D1224106ABCCC0B036ADB6 /* MarkdownLayoutDelegate.swift */ = {isa = PBXFileReference; lastKnownFileType = sourcecode.swift; path = MarkdownLayoutDelegate.swift; sourceTree = "<group>"; };
		BA34A5B12A35DE34706E330F /* EditorIntent.swift */ = {isa = PBXFileReference; lastKnownFileType = sourcecode.swift; path = EditorIntent.swift; sourceTree = "<group>"; };
		BFE6F8A065507468C9396E39 /* NotificationScheduler.swift */ = {isa = PBXFileReference; lastKnownFileType = sourcecode.swift; path = NotificationScheduler.swift; sourceTree = "<group>"; };
		C19A7EC66C7A0ED616489386 /* SheetPresentationTests.swift */ = {isa = PBXFileReference; lastKnownFileType = sourcecode.swift; path = SheetPresentationTests.swift; sourceTree = "<group>"; };
		C1AE67F2EF461DD25FED44B7 /* IconBadge.swift */ = {isa = PBXFileReference; lastKnownFileType = sourcecode.swift; path = IconBadge.swift; sourceTree = "<group>"; };
		C52C642547C16B84A3CE8758 /* SystemDestination.swift */ = {isa = PBXFileReference; lastKnownFileType = sourcecode.swift; path = SystemDestination.swift; sourceTree = "<group>"; };
		C56989DAFF0BF92C642D6237 /* ListsUITestsPreflight.swift */ = {isa = PBXFileReference; lastKnownFileType = sourcecode.swift; path = ListsUITestsPreflight.swift; sourceTree = "<group>"; };
		C593D6BAB2B3B2DC55D61C20 /* SidebarReorderTests.swift */ = {isa = PBXFileReference; lastKnownFileType = sourcecode.swift; path = SidebarReorderTests.swift; sourceTree = "<group>"; };
		C5A5607A87FAE8096DD45FD9 /* ItemReorderTests.swift */ = {isa = PBXFileReference; lastKnownFileType = sourcecode.swift; path = ItemReorderTests.swift; sourceTree = "<group>"; };
		C870F69112BF07C388CF1F52 /* ListIconGlyph.swift */ = {isa = PBXFileReference; lastKnownFileType = sourcecode.swift; path = ListIconGlyph.swift; sourceTree = "<group>"; };
		CB44BFA4BA3DB6FB317CBEA7 /* TodayEmptyViewSnapshotTests.swift */ = {isa = PBXFileReference; lastKnownFileType = sourcecode.swift; path = TodayEmptyViewSnapshotTests.swift; sourceTree = "<group>"; };
		CC1A57698036A83173002A9B /* ItemTypeDecodingTests.swift */ = {isa = PBXFileReference; lastKnownFileType = sourcecode.swift; path = ItemTypeDecodingTests.swift; sourceTree = "<group>"; };
		CC7752C5016DAD86E55C38B6 /* MarkdownEditorTests.swift */ = {isa = PBXFileReference; lastKnownFileType = sourcecode.swift; path = MarkdownEditorTests.swift; sourceTree = "<group>"; };
		D5CF206074D0CBB0C74E5280 /* RecentlyDeletedView.swift */ = {isa = PBXFileReference; lastKnownFileType = sourcecode.swift; path = RecentlyDeletedView.swift; sourceTree = "<group>"; };
		D706F3C1C1288B38A420E916 /* SearchResultsView.swift */ = {isa = PBXFileReference; lastKnownFileType = sourcecode.swift; path = SearchResultsView.swift; sourceTree = "<group>"; };
		D807EC049D1EE3D28C27BE30 /* MarkdownBodyView.swift */ = {isa = PBXFileReference; lastKnownFileType = sourcecode.swift; path = MarkdownBodyView.swift; sourceTree = "<group>"; };
		D8CB0EAE785E444B7B588BC8 /* SmartListCollectionView.swift */ = {isa = PBXFileReference; lastKnownFileType = sourcecode.swift; path = SmartListCollectionView.swift; sourceTree = "<group>"; };
		DA6EE75EA7A65E0F8EBDD009 /* CheckboxToggler.swift */ = {isa = PBXFileReference; lastKnownFileType = sourcecode.swift; path = CheckboxToggler.swift; sourceTree = "<group>"; };
		DAC886F3D57EE180E3990025 /* ListsUITests.xctest */ = {isa = PBXFileReference; includeInIndex = 0; lastKnownFileType = wrapper.cfbundle; path = ListsUITests.xctest; sourceTree = BUILT_PRODUCTS_DIR; };
		DB5D450BCF86DFD391D83FE1 /* SidebarView.swift */ = {isa = PBXFileReference; lastKnownFileType = sourcecode.swift; path = SidebarView.swift; sourceTree = "<group>"; };
		DCF428D9017CA6B7A365D118 /* TagsOverviewView.swift */ = {isa = PBXFileReference; lastKnownFileType = sourcecode.swift; path = TagsOverviewView.swift; sourceTree = "<group>"; };
		E073939D418C358F36EFE2AA /* SmartListTileSnapshotTests.swift */ = {isa = PBXFileReference; lastKnownFileType = sourcecode.swift; path = SmartListTileSnapshotTests.swift; sourceTree = "<group>"; };
		E0CD93459FB8C810BE9CEA80 /* FileStoreQuarantineTests.swift */ = {isa = PBXFileReference; lastKnownFileType = sourcecode.swift; path = FileStoreQuarantineTests.swift; sourceTree = "<group>"; };
		E5AF225ED4286FA65DD460F4 /* PasteHandler.swift */ = {isa = PBXFileReference; lastKnownFileType = sourcecode.swift; path = PasteHandler.swift; sourceTree = "<group>"; };
		EB2DD812D526F0C475FDD67B /* ListIconGlyphSnapshotTests.swift */ = {isa = PBXFileReference; lastKnownFileType = sourcecode.swift; path = ListIconGlyphSnapshotTests.swift; sourceTree = "<group>"; };
		ED8FA8FED2D796644A75089C /* QuickCaptureSheet.swift */ = {isa = PBXFileReference; lastKnownFileType = sourcecode.swift; path = QuickCaptureSheet.swift; sourceTree = "<group>"; };
		EE34E9B39B7AB6B8C8978B4E /* CursorSnapping.swift */ = {isa = PBXFileReference; lastKnownFileType = sourcecode.swift; path = CursorSnapping.swift; sourceTree = "<group>"; };
		EED208530FB6D50D55F558EF /* Item.swift */ = {isa = PBXFileReference; lastKnownFileType = sourcecode.swift; path = Item.swift; sourceTree = "<group>"; };
		EF96E97942064035C2E6D4C8 /* TestStore.swift */ = {isa = PBXFileReference; lastKnownFileType = sourcecode.swift; path = TestStore.swift; sourceTree = "<group>"; };
		EFB4A42CECC059FCEBB0681B /* ItemRowSnapshotTests.swift */ = {isa = PBXFileReference; lastKnownFileType = sourcecode.swift; path = ItemRowSnapshotTests.swift; sourceTree = "<group>"; };
		F83F8BFF94088A7C0CBC9F37 /* SmartList.swift */ = {isa = PBXFileReference; lastKnownFileType = sourcecode.swift; path = SmartList.swift; sourceTree = "<group>"; };
		F8BE77534866C92B260F5DD7 /* Tag.swift */ = {isa = PBXFileReference; lastKnownFileType = sourcecode.swift; path = Tag.swift; sourceTree = "<group>"; };
		FBC59996DA71105C6958D234 /* Lists.entitlements */ = {isa = PBXFileReference; lastKnownFileType = text.plist.entitlements; path = Lists.entitlements; sourceTree = "<group>"; };
		FD8DCAE0BE38B1B98163C05B /* ListsTests.xctest */ = {isa = PBXFileReference; includeInIndex = 0; lastKnownFileType = wrapper.cfbundle; path = ListsTests.xctest; sourceTree = BUILT_PRODUCTS_DIR; };
		FDE0761E1B75E804666C3DDC /* SidebarRow.swift */ = {isa = PBXFileReference; lastKnownFileType = sourcecode.swift; path = SidebarRow.swift; sourceTree = "<group>"; };
		FE862457C42B71B682CC0784 /* OptionalDateDecodingTests.swift */ = {isa = PBXFileReference; lastKnownFileType = sourcecode.swift; path = OptionalDateDecodingTests.swift; sourceTree = "<group>"; };
/* End PBXFileReference section */

/* Begin PBXFrameworksBuildPhase section */
		082E4D402BB58D004DA18FA1 /* Frameworks */ = {
			isa = PBXFrameworksBuildPhase;
			buildActionMask = 2147483647;
			files = (
				F177A3B0DC51C5D87E4F4DE6 /* SnapshotTesting in Frameworks */,
			);
			runOnlyForDeploymentPostprocessing = 0;
		};
		7AD888F792038CFDE1DD9BE6 /* Frameworks */ = {
			isa = PBXFrameworksBuildPhase;
			buildActionMask = 2147483647;
			files = (
				0E62122772FD1EEBC3A8B64F /* Yams in Frameworks */,
				EDA765F8252223CD00545BD7 /* MarkdownUI in Frameworks */,
			);
			runOnlyForDeploymentPostprocessing = 0;
		};
/* End PBXFrameworksBuildPhase section */

/* Begin PBXGroup section */
		06E122EF4563EA3163A42BCD /* Notifications */ = {
			isa = PBXGroup;
			children = (
				BFE6F8A065507468C9396E39 /* NotificationScheduler.swift */,
			);
			path = Notifications;
			sourceTree = "<group>";
		};
		0F104BA8127371131C0C5056 /* Preferences */ = {
			isa = PBXGroup;
			children = (
				945477684D371FB2D2CFF6DF /* AutoListPreferences.swift */,
				90FE37497E57422002DC9661 /* ListViewPreferences.swift */,
			);
			path = Preferences;
			sourceTree = "<group>";
		};
		15BA2BBB07EF8A1799236468 /* Bootstrap */ = {
			isa = PBXGroup;
			children = (
				B7C8E53B164636C30DD8E3A3 /* SampleData.swift */,
			);
			path = Bootstrap;
			sourceTree = "<group>";
		};
		1C04E8421D7898201A378AC0 /* Tags */ = {
			isa = PBXGroup;
			children = (
				DCF428D9017CA6B7A365D118 /* TagsOverviewView.swift */,
			);
			path = Tags;
			sourceTree = "<group>";
		};
		20E7F952040429B52D2D75CA /* Habits */ = {
			isa = PBXGroup;
			children = (
				2D681DA7F60BDEFB04915417 /* HabitDetailView.swift */,
				10F8D29DC809240A444E8B6C /* HabitHeatmap.swift */,
			);
			path = Habits;
			sourceTree = "<group>";
		};
		219E84F1BC8D79DD85BA4548 /* Resources */ = {
			isa = PBXGroup;
			children = (
				6593D5260AC4AB5D65288731 /* Assets.xcassets */,
			);
			path = Resources;
			sourceTree = "<group>";
		};
		258651DB87605706D0221B7D /* MarkdownEditor */ = {
			isa = PBXGroup;
			children = (
				5486350B3C1FF778EFD0E9D7 /* BackspaceHandler.swift */,
				DA6EE75EA7A65E0F8EBDD009 /* CheckboxToggler.swift */,
				EE34E9B39B7AB6B8C8978B4E /* CursorSnapping.swift */,
				6547D7A5A3B089AE53ACCE8A /* EditorCoordinator.swift */,
				BA34A5B12A35DE34706E330F /* EditorIntent.swift */,
				63A5E8988ACF9D773B9B14EC /* ExtensionParsers.swift */,
				04E73763669A96A6D3AF9AFB /* IndentHandler.swift */,
				27636ED22DF53C8F1EC8D8C9 /* ListContinuation.swift */,
				D807EC049D1EE3D28C27BE30 /* MarkdownBodyView.swift */,
				1A2C647FE347D9530DF990A8 /* MarkdownEditorView.swift */,
				6781E97D092B52ED160FA823 /* MarkdownInternalTextView.swift */,
				B7D1224106ABCCC0B036ADB6 /* MarkdownLayoutDelegate.swift */,
				674CA9F3749206C3847CDEC7 /* MarkdownLayoutManager.swift */,
				4CAE0A10BC7392228D996B76 /* MarkdownReminderToolbar.swift */,
				6E9663558B4087C9E4002D6A /* MarkdownStyler.swift */,
				43FC5FC98C29763EAEE07AC4 /* MarkdownTextView.swift */,
				E5AF225ED4286FA65DD460F4 /* PasteHandler.swift */,
				397A0864C6F5BEFB2C45212F /* ToolbarAction.swift */,
			);
			path = MarkdownEditor;
			sourceTree = "<group>";
		};
		2957D456117F832CA490E64E /* Products */ = {
			isa = PBXGroup;
			children = (
				33F7818B8A852E2B67EF6B33 /* Lists.app */,
				FD8DCAE0BE38B1B98163C05B /* ListsTests.xctest */,
				DAC886F3D57EE180E3990025 /* ListsUITests.xctest */,
			);
			name = Products;
			sourceTree = "<group>";
		};
		2D76424E752EDA9C7177D259 /* Tags */ = {
			isa = PBXGroup;
			children = (
				F8BE77534866C92B260F5DD7 /* Tag.swift */,
			);
			path = Tags;
			sourceTree = "<group>";
		};
		2E8162159769EED7920E9BD8 /* Settings */ = {
			isa = PBXGroup;
			children = (
				888BD9D47CCC48D71AC01276 /* SettingsView.swift */,
			);
			path = Settings;
			sourceTree = "<group>";
		};
		380CE2D568A0D6A276E4687C /* ListsTests */ = {
			isa = PBXGroup;
			children = (
				E6353CBFD00D2D0DD4453E57 /* DataIntegrity */,
				F6D410E88C0B50951003F0BB /* SnapshotTests */,
			);
			path = ListsTests;
			sourceTree = "<group>";
		};
		3D5FC9017B3B43BCB2DA56F9 /* ListsUITests */ = {
			isa = PBXGroup;
			children = (
				8D9EDE94157EA1B909876193 /* AddItemTests.swift */,
				C5A5607A87FAE8096DD45FD9 /* ItemReorderTests.swift */,
				C56989DAFF0BF92C642D6237 /* ListsUITestsPreflight.swift */,
				2485D3ED3BF427E923A0D5F9 /* ListsUITestsSupport.swift */,
				CC7752C5016DAD86E55C38B6 /* MarkdownEditorTests.swift */,
				90328414AB6639B0D5FADFCF /* SectionReorderTests.swift */,
				C19A7EC66C7A0ED616489386 /* SheetPresentationTests.swift */,
				C593D6BAB2B3B2DC55D61C20 /* SidebarReorderTests.swift */,
				51687A4348FC1DA8FEA2172F /* SmartListNavigationTests.swift */,
				28541CE205EBF1C54006A145 /* SwipeActionsTests.swift */,
			);
			path = ListsUITests;
			sourceTree = "<group>";
		};
		3EF51435F4BBDA3BAD7AEB4D /* Search */ = {
			isa = PBXGroup;
			children = (
				D706F3C1C1288B38A420E916 /* SearchResultsView.swift */,
			);
			path = Search;
			sourceTree = "<group>";
		};
		3FE4FBA67A020EA45B1FBD6D /* ListDetail */ = {
			isa = PBXGroup;
			children = (
				58A460EEC9F5FF0849B0CDA0 /* EditSectionsSheet.swift */,
				93520E421C7AE548269D719D /* ListDetailCollectionView.swift */,
				337F4509BABDF5C306D7281C /* ListDetailView.swift */,
			);
			path = ListDetail;
			sourceTree = "<group>";
		};
		45460F70CA9791B1A9CF17B4 /* ListEdit */ = {
			isa = PBXGroup;
			children = (
				73F221920373A9BBD31E68FC /* ListEditSheet.swift */,
				6D29579D4AABD5325280B6C1 /* ParentPickerSheet.swift */,
			);
			path = ListEdit;
			sourceTree = "<group>";
		};
		490C450CCA117E6938B97E21 /* SmartList */ = {
			isa = PBXGroup;
			children = (
				D8CB0EAE785E444B7B588BC8 /* SmartListCollectionView.swift */,
				22EC06FFD052D0D9D14E3291 /* SmartListScreen.swift */,
			);
			path = SmartList;
			sourceTree = "<group>";
		};
		536F41690B337EDC29DD6162 /* Stores */ = {
			isa = PBXGroup;
			children = (
				A7922EA7719FEC7BB270AA1C /* ItemStore.swift */,
			);
			path = Stores;
			sourceTree = "<group>";
		};
		5908D1BCC1D7C3D2E0D459E0 /* Sidebar */ = {
			isa = PBXGroup;
			children = (
				8070CACD011A885F0DCB5CB0 /* EditListsSheet.swift */,
				C1AE67F2EF461DD25FED44B7 /* IconBadge.swift */,
				FDE0761E1B75E804666C3DDC /* SidebarRow.swift */,
				DB5D450BCF86DFD391D83FE1 /* SidebarView.swift */,
				9BA4FAE8D2564216B552DFAC /* SmartListTile.swift */,
			);
			path = Sidebar;
			sourceTree = "<group>";
		};
		5B14760E2A95793204D2671C /* Components */ = {
			isa = PBXGroup;
			children = (
				8996B3B889708E610D19C5CF /* EmojiTextField.swift */,
				194B2454F56858079AADC915 /* FloatingAddButton.swift */,
				C870F69112BF07C388CF1F52 /* ListIconGlyph.swift */,
				691DE1D35B9F9FEE34E34E37 /* SheetDismissInterceptor.swift */,
				48D727CD18CE8BB90DD60789 /* TagInputView.swift */,
			);
			path = Components;
			sourceTree = "<group>";
		};
		64F8158D8974B0BDC9B92C03 /* QuickCapture */ = {
			isa = PBXGroup;
			children = (
				B60588B1C31CC48846A7A2F5 /* EarlyReminderCustomSheet.swift */,
				ED8FA8FED2D796644A75089C /* QuickCaptureSheet.swift */,
				1586004A41EFB5E96BC80A27 /* RepeatCustomSheet.swift */,
				2715B4454D9F248B4EFD5425 /* SectionPickerSheet.swift */,
				32CF0FC1DE191EF07BD72B85 /* TimeZonePickerSheet.swift */,
			);
			path = QuickCapture;
			sourceTree = "<group>";
		};
		849344B2241D1379F4E51513 /* Core */ = {
			isa = PBXGroup;
			children = (
				15BA2BBB07EF8A1799236468 /* Bootstrap */,
				E1BEF9DA9B596CB847CDE435 /* Models */,
				06E122EF4563EA3163A42BCD /* Notifications */,
				0F104BA8127371131C0C5056 /* Preferences */,
				96C13CD9448B663528F516A9 /* Queries */,
				CC6ECF93377B38644D52550E /* Storage */,
				536F41690B337EDC29DD6162 /* Stores */,
				2D76424E752EDA9C7177D259 /* Tags */,
			);
			path = Core;
			sourceTree = "<group>";
		};
		93CF6A6CD575FF531126638D /* ItemDetail */ = {
			isa = PBXGroup;
			children = (
				620275337E230BD2B3ABE77F /* ItemDetailSheet.swift */,
				77C06B9DB281C7A70D94C3FD /* SheetRow.swift */,
			);
			path = ItemDetail;
			sourceTree = "<group>";
		};
		96C13CD9448B663528F516A9 /* Queries */ = {
			isa = PBXGroup;
			children = (
				8D1A884AE1132B7DFA67BB3B /* ItemSort.swift */,
				F83F8BFF94088A7C0CBC9F37 /* SmartList.swift */,
			);
			path = Queries;
			sourceTree = "<group>";
		};
		997935007643A261F7BCD354 /* RecentlyDeleted */ = {
			isa = PBXGroup;
			children = (
				D5CF206074D0CBB0C74E5280 /* RecentlyDeletedView.swift */,
			);
			path = RecentlyDeleted;
			sourceTree = "<group>";
		};
		9E0E8DA84F1F2E1C2935D439 = {
			isa = PBXGroup;
			children = (
				B207F1FA5B29481E93CF991C /* Lists */,
				380CE2D568A0D6A276E4687C /* ListsTests */,
				3D5FC9017B3B43BCB2DA56F9 /* ListsUITests */,
				2957D456117F832CA490E64E /* Products */,
			);
			sourceTree = "<group>";
		};
		B207F1FA5B29481E93CF991C /* Lists */ = {
			isa = PBXGroup;
			children = (
				D60005958F11F5B5AB37DDBA /* App */,
				849344B2241D1379F4E51513 /* Core */,
				CDFD865BF9BDA656458934AF /* Design */,
				D673F35C2E7BF18F5BB7492B /* Features */,
				219E84F1BC8D79DD85BA4548 /* Resources */,
				AA17CDA220B8F93038B6CCA6 /* Info.plist */,
				FBC59996DA71105C6958D234 /* Lists.entitlements */,
			);
			path = Lists;
			sourceTree = "<group>";
		};
		B97CC12F84AEDFC7F20759FE /* Thread */ = {
			isa = PBXGroup;
			children = (
				3BA00394815C92D92813CBE0 /* ThreadView.swift */,
			);
			path = Thread;
			sourceTree = "<group>";
		};
		CC6ECF93377B38644D52550E /* Storage */ = {
			isa = PBXGroup;
			children = (
				A7F4EC6BEC143011FDDD49E2 /* FileStore.swift */,
				7D55FDA6F5904DAEAF25959E /* FrontmatterCodec.swift */,
				198CFD7D9CF84F91BE293D10 /* StorageRoot.swift */,
			);
			path = Storage;
			sourceTree = "<group>";
		};
		CDFD865BF9BDA656458934AF /* Design */ = {
			isa = PBXGroup;
			children = (
				5B14760E2A95793204D2671C /* Components */,
				B77A796CDEA19C27DA8514F2 /* NavigationBarTitleColor.swift */,
				7BFF7A357E3A987368185030 /* Spacing.swift */,
				6A4E085DAC0E9FD594554865 /* Tokens.swift */,
				A33CD6A35D0185EC309F9308 /* Typography.swift */,
			);
			path = Design;
			sourceTree = "<group>";
		};
		D60005958F11F5B5AB37DDBA /* App */ = {
			isa = PBXGroup;
			children = (
				55D8AEE7B91417E18227C9A9 /* ContentView.swift */,
				B07E483BEAF87968B8BE4D60 /* ListsApp.swift */,
			);
			path = App;
			sourceTree = "<group>";
		};
		D673F35C2E7BF18F5BB7492B /* Features */ = {
			isa = PBXGroup;
			children = (
				20E7F952040429B52D2D75CA /* Habits */,
				93CF6A6CD575FF531126638D /* ItemDetail */,
				3FE4FBA67A020EA45B1FBD6D /* ListDetail */,
				45460F70CA9791B1A9CF17B4 /* ListEdit */,
				258651DB87605706D0221B7D /* MarkdownEditor */,
				64F8158D8974B0BDC9B92C03 /* QuickCapture */,
				997935007643A261F7BCD354 /* RecentlyDeleted */,
				3EF51435F4BBDA3BAD7AEB4D /* Search */,
				2E8162159769EED7920E9BD8 /* Settings */,
				5908D1BCC1D7C3D2E0D459E0 /* Sidebar */,
				490C450CCA117E6938B97E21 /* SmartList */,
				1C04E8421D7898201A378AC0 /* Tags */,
				B97CC12F84AEDFC7F20759FE /* Thread */,
				FC0318994E21707A0554CE2F /* Today */,
			);
			path = Features;
			sourceTree = "<group>";
		};
		E1BEF9DA9B596CB847CDE435 /* Models */ = {
			isa = PBXGroup;
			children = (
				B35C55EA9E9CD135CF259374 /* HabitCycle.swift */,
				671E6793B135B08A6FCD4E07 /* ISO8601.swift */,
				EED208530FB6D50D55F558EF /* Item.swift */,
				202B5E3C690EAED60FDA2632 /* ItemList.swift */,
				B131A992786A2E622B65740A /* ListSection.swift */,
				329D9E06B84423CDFE2B5284 /* Reminder.swift */,
				C52C642547C16B84A3CE8758 /* SystemDestination.swift */,
				8B19F12CF5CE614B4BA166D9 /* ThreadDestination.swift */,
			);
			path = Models;
			sourceTree = "<group>";
		};
		E6353CBFD00D2D0DD4453E57 /* DataIntegrity */ = {
			isa = PBXGroup;
			children = (
				39CBE3F283436BEA4AA90B87 /* BootstrapResilienceTests.swift */,
				A0DC70FE8CA1E8F7B03B6758 /* CrossListMoveTests.swift */,
				E0CD93459FB8C810BE9CEA80 /* FileStoreQuarantineTests.swift */,
				CC1A57698036A83173002A9B /* ItemTypeDecodingTests.swift */,
				FE862457C42B71B682CC0784 /* OptionalDateDecodingTests.swift */,
			);
			path = DataIntegrity;
			sourceTree = "<group>";
		};
		F6D410E88C0B50951003F0BB /* SnapshotTests */ = {
			isa = PBXGroup;
			children = (
				2E476611ACD78CF7E4C8F43E /* FloatingAddButtonSnapshotTests.swift */,
				EFB4A42CECC059FCEBB0681B /* ItemRowSnapshotTests.swift */,
				EB2DD812D526F0C475FDD67B /* ListIconGlyphSnapshotTests.swift */,
				2C00B84D81C23E59F193509F /* MarkdownBodyViewSnapshotTests.swift */,
				6CAB4DCC2713261ABC22F76F /* README.md */,
				6511BC85449AA90DEBC3D294 /* SettingsViewSnapshotTests.swift */,
				A4268A9E334FF039E12CC410 /* SidebarRowSnapshotTests.swift */,
				E073939D418C358F36EFE2AA /* SmartListTileSnapshotTests.swift */,
				3CE9F8F7B2E69D63CDFF9CC7 /* SnapshotEnvironment.swift */,
				9EFF0E7AEAAE39AFADA16E3C /* SnapshotHost.swift */,
				6C0DD95794BB8FCE001D2EA1 /* SnapshotTestingPreflight.swift */,
				1CD50F75A4FC7E01A2FA95F3 /* TagInputViewSnapshotTests.swift */,
				EF96E97942064035C2E6D4C8 /* TestStore.swift */,
				CB44BFA4BA3DB6FB317CBEA7 /* TodayEmptyViewSnapshotTests.swift */,
			);
			path = SnapshotTests;
			sourceTree = "<group>";
		};
		FC0318994E21707A0554CE2F /* Today */ = {
			isa = PBXGroup;
			children = (
				8AD129DA821F3E7955BAC2F7 /* ItemRow.swift */,
				601F65F3C03C99ADBE6C8BE7 /* TodayEmptyView.swift */,
				5068B47BB9D968F25F2AF959 /* TodayView.swift */,
			);
			path = Today;
			sourceTree = "<group>";
		};
/* End PBXGroup section */

/* Begin PBXNativeTarget section */
		66A9ADD3E71BC1A4E764A3CB /* ListsUITests */ = {
			isa = PBXNativeTarget;
			buildConfigurationList = E519D238D50F7B214C293E37 /* Build configuration list for PBXNativeTarget "ListsUITests" */;
			buildPhases = (
				A4115CB0309A345E44CCB259 /* Sources */,
			);
			buildRules = (
			);
			dependencies = (
				948D27DB0670F41A5751DE8C /* PBXTargetDependency */,
			);
			name = ListsUITests;
			packageProductDependencies = (
			);
			productName = ListsUITests;
			productReference = DAC886F3D57EE180E3990025 /* ListsUITests.xctest */;
			productType = "com.apple.product-type.bundle.ui-testing";
		};
		863096FEDCADF705F073DB76 /* Lists */ = {
			isa = PBXNativeTarget;
			buildConfigurationList = F0744B8A51E124577C9CF5F2 /* Build configuration list for PBXNativeTarget "Lists" */;
			buildPhases = (
				FCB9DA037BBEA3D365B3D7C6 /* Sources */,
				3D4CAD6E854178A135D01FAB /* Resources */,
				7AD888F792038CFDE1DD9BE6 /* Frameworks */,
			);
			buildRules = (
			);
			dependencies = (
			);
			name = Lists;
			packageProductDependencies = (
				76368BE7A2E64957BAA9FBF7 /* Yams */,
				639A30FF4781330E5336BFB6 /* MarkdownUI */,
			);
			productName = Lists;
			productReference = 33F7818B8A852E2B67EF6B33 /* Lists.app */;
			productType = "com.apple.product-type.application";
		};
		B431327C0053B0E7C4C22E9D /* ListsTests */ = {
			isa = PBXNativeTarget;
			buildConfigurationList = 21CD02D9E309CB7540E4F774 /* Build configuration list for PBXNativeTarget "ListsTests" */;
			buildPhases = (
				ECBF2AAACEE4959750A0E48E /* Sources */,
				6B95C4B7853BAEF7CEA6D005 /* Resources */,
				082E4D402BB58D004DA18FA1 /* Frameworks */,
			);
			buildRules = (
			);
			dependencies = (
				893ADC6BB3B18381DAD03291 /* PBXTargetDependency */,
			);
			name = ListsTests;
			packageProductDependencies = (
				ABF1B3C6EC824AF7982C2154 /* SnapshotTesting */,
			);
			productName = ListsTests;
			productReference = FD8DCAE0BE38B1B98163C05B /* ListsTests.xctest */;
			productType = "com.apple.product-type.bundle.unit-test";
		};
/* End PBXNativeTarget section */

/* Begin PBXProject section */
		635BAEA2ED632A270CD09824 /* Project object */ = {
			isa = PBXProject;
			attributes = {
				BuildIndependentTargetsInParallel = YES;
				LastUpgradeCheck = 1430;
				TargetAttributes = {
					66A9ADD3E71BC1A4E764A3CB = {
						DevelopmentTeam = LM99LGYW87;
						TestTargetID = 863096FEDCADF705F073DB76;
					};
					863096FEDCADF705F073DB76 = {
						DevelopmentTeam = LM99LGYW87;
					};
					B431327C0053B0E7C4C22E9D = {
						DevelopmentTeam = LM99LGYW87;
					};
				};
			};
			buildConfigurationList = 074EEB289365D2346E963DC8 /* Build configuration list for PBXProject "Lists" */;
			developmentRegion = en;
			hasScannedForEncodings = 0;
			knownRegions = (
				Base,
				en,
			);
			mainGroup = 9E0E8DA84F1F2E1C2935D439;
			minimizedProjectReferenceProxies = 1;
			packageReferences = (
				378DE2BA3F284D39A4008D14 /* XCRemoteSwiftPackageReference "swift-markdown-ui" */,
				DB82F92A69FFF061C0D775BE /* XCRemoteSwiftPackageReference "swift-snapshot-testing" */,
				EEE2E165528E7681CE808639 /* XCRemoteSwiftPackageReference "Yams" */,
			);
			preferredProjectObjectVersion = 77;
			productRefGroup = 2957D456117F832CA490E64E /* Products */;
			projectDirPath = "";
			projectRoot = "";
			targets = (
				863096FEDCADF705F073DB76 /* Lists */,
				B431327C0053B0E7C4C22E9D /* ListsTests */,
				66A9ADD3E71BC1A4E764A3CB /* ListsUITests */,
			);
		};
/* End PBXProject section */

/* Begin PBXResourcesBuildPhase section */
		3D4CAD6E854178A135D01FAB /* Resources */ = {
			isa = PBXResourcesBuildPhase;
			buildActionMask = 2147483647;
			files = (
				89A8CF5FC355F3DC8563A311 /* Assets.xcassets in Resources */,
			);
			runOnlyForDeploymentPostprocessing = 0;
		};
		6B95C4B7853BAEF7CEA6D005 /* Resources */ = {
			isa = PBXResourcesBuildPhase;
			buildActionMask = 2147483647;
			files = (
				E6B3042F16C27160C8DFF308 /* README.md in Resources */,
			);
			runOnlyForDeploymentPostprocessing = 0;
		};
/* End PBXResourcesBuildPhase section */

/* Begin PBXSourcesBuildPhase section */
		A4115CB0309A345E44CCB259 /* Sources */ = {
			isa = PBXSourcesBuildPhase;
			buildActionMask = 2147483647;
			files = (
				DA3C1AC143C867BC45399961 /* AddItemTests.swift in Sources */,
				C75EB0EBCBBCF0A90CD40EBC /* ItemReorderTests.swift in Sources */,
				3050A6C3E57CE2EB8D341C8E /* ListsUITestsPreflight.swift in Sources */,
				240F2712A809E8B493493CBA /* ListsUITestsSupport.swift in Sources */,
				85382DBA86A3D824E09E5D0B /* MarkdownEditorTests.swift in Sources */,
				6927F8F5D3FB746D2FB5BA10 /* SectionReorderTests.swift in Sources */,
				735CE37E48E7A9F3D8C312F6 /* SheetPresentationTests.swift in Sources */,
				11231A3CD37D6F059D489243 /* SidebarReorderTests.swift in Sources */,
				20AD57708F74C335523B7FEB /* SmartListNavigationTests.swift in Sources */,
				C5082E261CF5CB22AD89911B /* SwipeActionsTests.swift in Sources */,
			);
			runOnlyForDeploymentPostprocessing = 0;
		};
		ECBF2AAACEE4959750A0E48E /* Sources */ = {
			isa = PBXSourcesBuildPhase;
			buildActionMask = 2147483647;
			files = (
				005A72F0086850F5905CF570 /* BootstrapResilienceTests.swift in Sources */,
				F668C6EF04D9F1BFC9F98AE3 /* CrossListMoveTests.swift in Sources */,
				ABCC740D86BF7A2519DA46BC /* FileStoreQuarantineTests.swift in Sources */,
				9A18AE3BFBF5795DBB069B1F /* FloatingAddButtonSnapshotTests.swift in Sources */,
				AE7BFC2FE466F8FA029D2C2A /* ItemRowSnapshotTests.swift in Sources */,
				5835A7A6E05B364D0E60E0EA /* ItemTypeDecodingTests.swift in Sources */,
				BD11C109905258CE58950167 /* ListIconGlyphSnapshotTests.swift in Sources */,
				BBCFF977171C222DB7BA27C1 /* MarkdownBodyViewSnapshotTests.swift in Sources */,
				6CA3903080ADBC73CD26EC2D /* OptionalDateDecodingTests.swift in Sources */,
				4905CE1A7344FF694056E879 /* SettingsViewSnapshotTests.swift in Sources */,
				A14F007064EF50635A4388BA /* SidebarRowSnapshotTests.swift in Sources */,
				F3BBD58C57A71A60F25A0DC7 /* SmartListTileSnapshotTests.swift in Sources */,
				38BD4956E57D34C6A16EA7A2 /* SnapshotEnvironment.swift in Sources */,
				DDFE0E16D575C1320BC6CEF3 /* SnapshotHost.swift in Sources */,
				06829B82ED6CA9A75E8446D5 /* SnapshotTestingPreflight.swift in Sources */,
				747B9CEC4DE486B524C35163 /* TagInputViewSnapshotTests.swift in Sources */,
				4D6CB47679A7A80792F3A47A /* TestStore.swift in Sources */,
				47976974B03DFDF5359693C3 /* TodayEmptyViewSnapshotTests.swift in Sources */,
			);
			runOnlyForDeploymentPostprocessing = 0;
		};
		FCB9DA037BBEA3D365B3D7C6 /* Sources */ = {
			isa = PBXSourcesBuildPhase;
			buildActionMask = 2147483647;
			files = (
				FE1D6E121A7242C5C34252F2 /* AutoListPreferences.swift in Sources */,
				0F1B1E0A6F58AC8D82DD05E5 /* BackspaceHandler.swift in Sources */,
				F1C7F0F458A26480DDDAB94F /* CheckboxToggler.swift in Sources */,
				B7A5EE8F2B48751763CEDB23 /* ContentView.swift in Sources */,
				67DCDC5925E3E0A90A1E028D /* CursorSnapping.swift in Sources */,
				C1220A6C3FA05E2E16C43E7A /* EarlyReminderCustomSheet.swift in Sources */,
				2AF5E0956EF73B3ADD47569F /* EditListsSheet.swift in Sources */,
				87D912D42C29877D71A3195F /* EditSectionsSheet.swift in Sources */,
				72152FB98CAF97299FF0FF64 /* EditorCoordinator.swift in Sources */,
				3F51E77712E58E2F468F1B6D /* EditorIntent.swift in Sources */,
				8C793F2A06282B421180B410 /* EmojiTextField.swift in Sources */,
				12F0DFCB7BF6095AA5B137A5 /* ExtensionParsers.swift in Sources */,
				AAB2871DF2A317F93B7E3183 /* FileStore.swift in Sources */,
				BD744EF257C3E73BE2C3A53B /* FloatingAddButton.swift in Sources */,
				FE81887AE1FE2CEA02640E60 /* FrontmatterCodec.swift in Sources */,
				378516EF73E33A9EE450FE79 /* HabitCycle.swift in Sources */,
				3312ED12D4DB5ACE40CE519E /* HabitDetailView.swift in Sources */,
				672F3C915A47080DD12FA74E /* HabitHeatmap.swift in Sources */,
				0DE8D7FA8A4946C1BD6268E5 /* ISO8601.swift in Sources */,
				33228B7D781EC8B10CFD3714 /* IconBadge.swift in Sources */,
				3B23DA5D4DD33531367D2ADD /* IndentHandler.swift in Sources */,
				D156C87C5187BA622CB9C94D /* Item.swift in Sources */,
				8A42D6199F9AEDF71E31AFF9 /* ItemDetailSheet.swift in Sources */,
				413C6FE3F8CFA2BF51934FC6 /* ItemList.swift in Sources */,
				54E7CD2408883875EC653B4F /* ItemRow.swift in Sources */,
				71A0987C5D85A59B18E9D00A /* ItemSort.swift in Sources */,
				3E5D2D7C3A66CAC18BD2E4BD /* ItemStore.swift in Sources */,
				0BDAE2B3A57CEAAFA9A24D5F /* ListContinuation.swift in Sources */,
				F829B4B61C046095D0F0BF85 /* ListDetailCollectionView.swift in Sources */,
				D5031F380D911FEEBB7D328C /* ListDetailView.swift in Sources */,
				FA99E0410F2EF26E6E84BFBD /* ListEditSheet.swift in Sources */,
				3F862FA39B5E26FAC88E6421 /* ListIconGlyph.swift in Sources */,
				9FE50B059E1C7041B0F3F9E6 /* ListSection.swift in Sources */,
				7F0B9E57A436373310A5E688 /* ListViewPreferences.swift in Sources */,
				DF8509CB2ECCF891D721D368 /* ListsApp.swift in Sources */,
				79FB1F8BBE2C423E8CA084EC /* MarkdownBodyView.swift in Sources */,
				0E3085DCFB32B75D11201B46 /* MarkdownEditorView.swift in Sources */,
				5D5BCEBF813725D4780382FC /* MarkdownInternalTextView.swift in Sources */,
				C244CD5739D3CA19284BB8F5 /* MarkdownLayoutDelegate.swift in Sources */,
				CFF4D174DD4873D247F98969 /* MarkdownLayoutManager.swift in Sources */,
				2D36009451CF71D7FF409A3B /* MarkdownReminderToolbar.swift in Sources */,
				4D93C78F21838B65E8E9B34D /* MarkdownStyler.swift in Sources */,
				02266045012CC059F6FE81AE /* MarkdownTextView.swift in Sources */,
				F033E5A8CC0A0F9EB8C24460 /* NavigationBarTitleColor.swift in Sources */,
				8E835C169FB1A7719F74DB50 /* NotificationScheduler.swift in Sources */,
				B55B74E6BCA50928D5E3A7A5 /* ParentPickerSheet.swift in Sources */,
				7F2508E96BBCBB95C35ABE17 /* PasteHandler.swift in Sources */,
				7EB88E4D2097ED7563013E2D /* QuickCaptureSheet.swift in Sources */,
				3BD90A28EA25C415632A2F1C /* RecentlyDeletedView.swift in Sources */,
				55F995D13E96433A2436727C /* Reminder.swift in Sources */,
				327C58074CECEA6F5A24CC8A /* RepeatCustomSheet.swift in Sources */,
				32E59434A355E22C4A8A3AD0 /* SampleData.swift in Sources */,
				656FF62A78A108CB944739F3 /* SearchResultsView.swift in Sources */,
				1029D125B11E2CEBD19913C5 /* SectionPickerSheet.swift in Sources */,
				7DF0699D99F3ACB0E2D51E39 /* SettingsView.swift in Sources */,
				CAE218539DFBB15AF1C13747 /* SheetDismissInterceptor.swift in Sources */,
				C37071F0A82F2C0C601651DF /* SheetRow.swift in Sources */,
				909DB97242FFE1AD26AB4130 /* SidebarRow.swift in Sources */,
				D0DD33899D00F61C18109B76 /* SidebarView.swift in Sources */,
				794E555A85788F55FF0FD169 /* SmartList.swift in Sources */,
				868AD9ACBC75F8C6C91A90C5 /* SmartListCollectionView.swift in Sources */,
				9EDDBD573DD4B2A034106526 /* SmartListScreen.swift in Sources */,
				81101BC47BEC7E548C981E6E /* SmartListTile.swift in Sources */,
				C7B3B21AA01B13495323471E /* Spacing.swift in Sources */,
				4914067DA153F835CCC541FE /* StorageRoot.swift in Sources */,
				7B4B23E251A6F7AB2274B102 /* SystemDestination.swift in Sources */,
				79FFB14D6C4DAE25DC329483 /* Tag.swift in Sources */,
				037B7682AA7099095823158B /* TagInputView.swift in Sources */,
				5E36C0E3866F36EDC7EB66F9 /* TagsOverviewView.swift in Sources */,
				8A8CBEB14AED7E2654D724BD /* ThreadDestination.swift in Sources */,
				8ABC480E8EFFB23E549AAC7F /* ThreadView.swift in Sources */,
				F4BBBB9F40E269134692A74F /* TimeZonePickerSheet.swift in Sources */,
				6F4E3B2E67F25073BF887AA5 /* TodayEmptyView.swift in Sources */,
				68D165C3F24568CC54FD06B8 /* TodayView.swift in Sources */,
				26A172198C01159B66C79938 /* Tokens.swift in Sources */,
				12C0E6CD0A97D8D83E8ACA23 /* ToolbarAction.swift in Sources */,
				1E2A71D19DF6DC2A80D2F818 /* Typography.swift in Sources */,
			);
			runOnlyForDeploymentPostprocessing = 0;
		};
/* End PBXSourcesBuildPhase section */

/* Begin PBXTargetDependency section */
		893ADC6BB3B18381DAD03291 /* PBXTargetDependency */ = {
			isa = PBXTargetDependency;
			target = 863096FEDCADF705F073DB76 /* Lists */;
			targetProxy = 76A05395516A78762A1A29AC /* PBXContainerItemProxy */;
		};
		948D27DB0670F41A5751DE8C /* PBXTargetDependency */ = {
			isa = PBXTargetDependency;
			target = 863096FEDCADF705F073DB76 /* Lists */;
			targetProxy = E7AE15B78187AECCF09D44CD /* PBXContainerItemProxy */;
		};
/* End PBXTargetDependency section */

/* Begin XCBuildConfiguration section */
		419E4647B4488D0177B221EF /* Debug */ = {
			isa = XCBuildConfiguration;
			buildSettings = {
				ALWAYS_SEARCH_USER_PATHS = NO;
				CLANG_ANALYZER_NONNULL = YES;
				CLANG_ANALYZER_NUMBER_OBJECT_CONVERSION = YES_AGGRESSIVE;
				CLANG_CXX_LANGUAGE_STANDARD = "gnu++14";
				CLANG_CXX_LIBRARY = "libc++";
				CLANG_ENABLE_MODULES = YES;
				CLANG_ENABLE_OBJC_ARC = YES;
				CLANG_ENABLE_OBJC_WEAK = YES;
				CLANG_WARN_BLOCK_CAPTURE_AUTORELEASING = YES;
				CLANG_WARN_BOOL_CONVERSION = YES;
				CLANG_WARN_COMMA = YES;
				CLANG_WARN_CONSTANT_CONVERSION = YES;
				CLANG_WARN_DEPRECATED_OBJC_IMPLEMENTATIONS = YES;
				CLANG_WARN_DIRECT_OBJC_ISA_USAGE = YES_ERROR;
				CLANG_WARN_DOCUMENTATION_COMMENTS = YES;
				CLANG_WARN_EMPTY_BODY = YES;
				CLANG_WARN_ENUM_CONVERSION = YES;
				CLANG_WARN_INFINITE_RECURSION = YES;
				CLANG_WARN_INT_CONVERSION = YES;
				CLANG_WARN_NON_LITERAL_NULL_CONVERSION = YES;
				CLANG_WARN_OBJC_IMPLICIT_RETAIN_SELF = YES;
				CLANG_WARN_OBJC_LITERAL_CONVERSION = YES;
				CLANG_WARN_OBJC_ROOT_CLASS = YES_ERROR;
				CLANG_WARN_QUOTED_INCLUDE_IN_FRAMEWORK_HEADER = YES;
				CLANG_WARN_RANGE_LOOP_ANALYSIS = YES;
				CLANG_WARN_STRICT_PROTOTYPES = YES;
				CLANG_WARN_SUSPICIOUS_MOVE = YES;
				CLANG_WARN_UNGUARDED_AVAILABILITY = YES_AGGRESSIVE;
				CLANG_WARN_UNREACHABLE_CODE = YES;
				CLANG_WARN__DUPLICATE_METHOD_MATCH = YES;
				COPY_PHASE_STRIP = NO;
				DEBUG_INFORMATION_FORMAT = dwarf;
				DEVELOPMENT_TEAM = LM99LGYW87;
				ENABLE_STRICT_OBJC_MSGSEND = YES;
				ENABLE_TESTABILITY = YES;
				ENABLE_USER_SCRIPT_SANDBOXING = YES;
				GCC_C_LANGUAGE_STANDARD = gnu11;
				GCC_DYNAMIC_NO_PIC = NO;
				GCC_NO_COMMON_BLOCKS = YES;
				GCC_OPTIMIZATION_LEVEL = 0;
				GCC_PREPROCESSOR_DEFINITIONS = (
					"$(inherited)",
					"DEBUG=1",
				);
				GCC_WARN_64_TO_32_BIT_CONVERSION = YES;
				GCC_WARN_ABOUT_RETURN_TYPE = YES_ERROR;
				GCC_WARN_UNDECLARED_SELECTOR = YES;
				GCC_WARN_UNINITIALIZED_AUTOS = YES_AGGRESSIVE;
				GCC_WARN_UNUSED_FUNCTION = YES;
				GCC_WARN_UNUSED_VARIABLE = YES;
				IPHONEOS_DEPLOYMENT_TARGET = 26.0;
				MTL_ENABLE_DEBUG_INFO = INCLUDE_SOURCE;
				MTL_FAST_MATH = YES;
				ONLY_ACTIVE_ARCH = YES;
				PRODUCT_NAME = "$(TARGET_NAME)";
				SDKROOT = iphoneos;
				SWIFT_ACTIVE_COMPILATION_CONDITIONS = DEBUG;
				SWIFT_OPTIMIZATION_LEVEL = "-Onone";
				SWIFT_TREAT_WARNINGS_AS_ERRORS = NO;
				SWIFT_VERSION = 6.2;
			};
			name = Debug;
		};
		506362AB8C4C5308CFDE20CD /* Release */ = {
			isa = XCBuildConfiguration;
			buildSettings = {
				BUNDLE_LOADER = "$(TEST_HOST)";
				GENERATE_INFOPLIST_FILE = YES;
				LD_RUNPATH_SEARCH_PATHS = (
					"$(inherited)",
					"@executable_path/Frameworks",
					"@loader_path/Frameworks",
				);
				PRODUCT_BUNDLE_IDENTIFIER = io.github.saxonbobart.lists.uitests;
				SDKROOT = iphoneos;
				TARGETED_DEVICE_FAMILY = 1;
				TEST_TARGET_NAME = Lists;
			};
			name = Release;
		};
		59FDF0560DBB1F16A99EA7C9 /* Release */ = {
			isa = XCBuildConfiguration;
			buildSettings = {
				ALWAYS_SEARCH_USER_PATHS = NO;
				CLANG_ANALYZER_NONNULL = YES;
				CLANG_ANALYZER_NUMBER_OBJECT_CONVERSION = YES_AGGRESSIVE;
				CLANG_CXX_LANGUAGE_STANDARD = "gnu++14";
				CLANG_CXX_LIBRARY = "libc++";
				CLANG_ENABLE_MODULES = YES;
				CLANG_ENABLE_OBJC_ARC = YES;
				CLANG_ENABLE_OBJC_WEAK = YES;
				CLANG_WARN_BLOCK_CAPTURE_AUTORELEASING = YES;
				CLANG_WARN_BOOL_CONVERSION = YES;
				CLANG_WARN_COMMA = YES;
				CLANG_WARN_CONSTANT_CONVERSION = YES;
				CLANG_WARN_DEPRECATED_OBJC_IMPLEMENTATIONS = YES;
				CLANG_WARN_DIRECT_OBJC_ISA_USAGE = YES_ERROR;
				CLANG_WARN_DOCUMENTATION_COMMENTS = YES;
				CLANG_WARN_EMPTY_BODY = YES;
				CLANG_WARN_ENUM_CONVERSION = YES;
				CLANG_WARN_INFINITE_RECURSION = YES;
				CLANG_WARN_INT_CONVERSION = YES;
				CLANG_WARN_NON_LITERAL_NULL_CONVERSION = YES;
				CLANG_WARN_OBJC_IMPLICIT_RETAIN_SELF = YES;
				CLANG_WARN_OBJC_LITERAL_CONVERSION = YES;
				CLANG_WARN_OBJC_ROOT_CLASS = YES_ERROR;
				CLANG_WARN_QUOTED_INCLUDE_IN_FRAMEWORK_HEADER = YES;
				CLANG_WARN_RANGE_LOOP_ANALYSIS = YES;
				CLANG_WARN_STRICT_PROTOTYPES = YES;
				CLANG_WARN_SUSPICIOUS_MOVE = YES;
				CLANG_WARN_UNGUARDED_AVAILABILITY = YES_AGGRESSIVE;
				CLANG_WARN_UNREACHABLE_CODE = YES;
				CLANG_WARN__DUPLICATE_METHOD_MATCH = YES;
				COPY_PHASE_STRIP = NO;
				DEBUG_INFORMATION_FORMAT = "dwarf-with-dsym";
				DEVELOPMENT_TEAM = LM99LGYW87;
				ENABLE_NS_ASSERTIONS = NO;
				ENABLE_STRICT_OBJC_MSGSEND = YES;
				ENABLE_USER_SCRIPT_SANDBOXING = YES;
				GCC_C_LANGUAGE_STANDARD = gnu11;
				GCC_NO_COMMON_BLOCKS = YES;
				GCC_WARN_64_TO_32_BIT_CONVERSION = YES;
				GCC_WARN_ABOUT_RETURN_TYPE = YES_ERROR;
				GCC_WARN_UNDECLARED_SELECTOR = YES;
				GCC_WARN_UNINITIALIZED_AUTOS = YES_AGGRESSIVE;
				GCC_WARN_UNUSED_FUNCTION = YES;
				GCC_WARN_UNUSED_VARIABLE = YES;
				IPHONEOS_DEPLOYMENT_TARGET = 26.0;
				MTL_ENABLE_DEBUG_INFO = NO;
				MTL_FAST_MATH = YES;
				PRODUCT_NAME = "$(TARGET_NAME)";
				SDKROOT = iphoneos;
				SWIFT_COMPILATION_MODE = wholemodule;
				SWIFT_OPTIMIZATION_LEVEL = "-O";
				SWIFT_TREAT_WARNINGS_AS_ERRORS = NO;
				SWIFT_VERSION = 6.2;
			};
			name = Release;
		};
		68DD36DB7471BC0B96ADE042 /* Debug */ = {
			isa = XCBuildConfiguration;
			buildSettings = {
				ASSETCATALOG_COMPILER_APPICON_NAME = AppIcon;
				CODE_SIGN_ENTITLEMENTS = Lists/Lists.entitlements;
				CODE_SIGN_IDENTITY = "iPhone Developer";
				ENABLE_TESTABILITY = YES;
				GENERATE_INFOPLIST_FILE = NO;
				INFOPLIST_FILE = Lists/Info.plist;
				LD_RUNPATH_SEARCH_PATHS = (
					"$(inherited)",
					"@executable_path/Frameworks",
				);
				PRODUCT_BUNDLE_IDENTIFIER = io.github.saxonbobart.lists;
				SDKROOT = iphoneos;
				SWIFT_EMIT_LOC_STRINGS = YES;
				TARGETED_DEVICE_FAMILY = 1;
			};
			name = Debug;
		};
		A1C74959103EBFEF0E03FA69 /* Debug */ = {
			isa = XCBuildConfiguration;
			buildSettings = {
				BUNDLE_LOADER = "$(TEST_HOST)";
				GENERATE_INFOPLIST_FILE = YES;
				LD_RUNPATH_SEARCH_PATHS = (
					"$(inherited)",
					"@executable_path/Frameworks",
					"@loader_path/Frameworks",
				);
				PRODUCT_BUNDLE_IDENTIFIER = io.github.saxonbobart.lists.tests;
				SDKROOT = iphoneos;
				TARGETED_DEVICE_FAMILY = 1;
				TEST_HOST = "$(BUILT_PRODUCTS_DIR)/Lists.app/$(BUNDLE_EXECUTABLE_FOLDER_PATH)/Lists";
			};
			name = Debug;
		};
		D58A9D376D65C89B0B90EF11 /* Release */ = {
			isa = XCBuildConfiguration;
			buildSettings = {
				BUNDLE_LOADER = "$(TEST_HOST)";
				GENERATE_INFOPLIST_FILE = YES;
				LD_RUNPATH_SEARCH_PATHS = (
					"$(inherited)",
					"@executable_path/Frameworks",
					"@loader_path/Frameworks",
				);
				PRODUCT_BUNDLE_IDENTIFIER = io.github.saxonbobart.lists.tests;
				SDKROOT = iphoneos;
				TARGETED_DEVICE_FAMILY = 1;
				TEST_HOST = "$(BUILT_PRODUCTS_DIR)/Lists.app/$(BUNDLE_EXECUTABLE_FOLDER_PATH)/Lists";
			};
			name = Release;
		};
		D6ADE0274286665114CA9859 /* Debug */ = {
			isa = XCBuildConfiguration;
			buildSettings = {
				BUNDLE_LOADER = "$(TEST_HOST)";
				GENERATE_INFOPLIST_FILE = YES;
				LD_RUNPATH_SEARCH_PATHS = (
					"$(inherited)",
					"@executable_path/Frameworks",
					"@loader_path/Frameworks",
				);
				PRODUCT_BUNDLE_IDENTIFIER = io.github.saxonbobart.lists.uitests;
				SDKROOT = iphoneos;
				TARGETED_DEVICE_FAMILY = 1;
				TEST_TARGET_NAME = Lists;
			};
			name = Debug;
		};
		E785C5724EA37C32516BA012 /* Release */ = {
			isa = XCBuildConfiguration;
			buildSettings = {
				ASSETCATALOG_COMPILER_APPICON_NAME = AppIcon;
				CODE_SIGN_ENTITLEMENTS = Lists/Lists.entitlements;
				CODE_SIGN_IDENTITY = "iPhone Developer";
				ENABLE_TESTABILITY = YES;
				GENERATE_INFOPLIST_FILE = NO;
				INFOPLIST_FILE = Lists/Info.plist;
				LD_RUNPATH_SEARCH_PATHS = (
					"$(inherited)",
					"@executable_path/Frameworks",
				);
				PRODUCT_BUNDLE_IDENTIFIER = io.github.saxonbobart.lists;
				SDKROOT = iphoneos;
				SWIFT_EMIT_LOC_STRINGS = YES;
				TARGETED_DEVICE_FAMILY = 1;
			};
			name = Release;
		};
/* End XCBuildConfiguration section */

/* Begin XCConfigurationList section */
		074EEB289365D2346E963DC8 /* Build configuration list for PBXProject "Lists" */ = {
			isa = XCConfigurationList;
			buildConfigurations = (
				419E4647B4488D0177B221EF /* Debug */,
				59FDF0560DBB1F16A99EA7C9 /* Release */,
			);
			defaultConfigurationIsVisible = 0;
			defaultConfigurationName = Debug;
		};
		21CD02D9E309CB7540E4F774 /* Build configuration list for PBXNativeTarget "ListsTests" */ = {
			isa = XCConfigurationList;
			buildConfigurations = (
				A1C74959103EBFEF0E03FA69 /* Debug */,
				D58A9D376D65C89B0B90EF11 /* Release */,
			);
			defaultConfigurationIsVisible = 0;
			defaultConfigurationName = Debug;
		};
		E519D238D50F7B214C293E37 /* Build configuration list for PBXNativeTarget "ListsUITests" */ = {
			isa = XCConfigurationList;
			buildConfigurations = (
				D6ADE0274286665114CA9859 /* Debug */,
				506362AB8C4C5308CFDE20CD /* Release */,
			);
			defaultConfigurationIsVisible = 0;
			defaultConfigurationName = Debug;
		};
		F0744B8A51E124577C9CF5F2 /* Build configuration list for PBXNativeTarget "Lists" */ = {
			isa = XCConfigurationList;
			buildConfigurations = (
				68DD36DB7471BC0B96ADE042 /* Debug */,
				E785C5724EA37C32516BA012 /* Release */,
			);
			defaultConfigurationIsVisible = 0;
			defaultConfigurationName = Debug;
		};
/* End XCConfigurationList section */

/* Begin XCRemoteSwiftPackageReference section */
		378DE2BA3F284D39A4008D14 /* XCRemoteSwiftPackageReference "swift-markdown-ui" */ = {
			isa = XCRemoteSwiftPackageReference;
			repositoryURL = "https://github.com/gonzalezreal/swift-markdown-ui";
			requirement = {
				kind = upToNextMajorVersion;
				minimumVersion = 2.4.1;
			};
		};
		DB82F92A69FFF061C0D775BE /* XCRemoteSwiftPackageReference "swift-snapshot-testing" */ = {
			isa = XCRemoteSwiftPackageReference;
			repositoryURL = "https://github.com/pointfreeco/swift-snapshot-testing";
			requirement = {
				kind = upToNextMajorVersion;
				minimumVersion = 1.18.0;
			};
		};
		EEE2E165528E7681CE808639 /* XCRemoteSwiftPackageReference "Yams" */ = {
			isa = XCRemoteSwiftPackageReference;
			repositoryURL = "https://github.com/jpsim/Yams";
			requirement = {
				kind = upToNextMajorVersion;
				minimumVersion = 5.1.2;
			};
		};
/* End XCRemoteSwiftPackageReference section */

/* Begin XCSwiftPackageProductDependency section */
		639A30FF4781330E5336BFB6 /* MarkdownUI */ = {
			isa = XCSwiftPackageProductDependency;
			package = 378DE2BA3F284D39A4008D14 /* XCRemoteSwiftPackageReference "swift-markdown-ui" */;
			productName = MarkdownUI;
		};
		76368BE7A2E64957BAA9FBF7 /* Yams */ = {
			isa = XCSwiftPackageProductDependency;
			package = EEE2E165528E7681CE808639 /* XCRemoteSwiftPackageReference "Yams" */;
			productName = Yams;
		};
		ABF1B3C6EC824AF7982C2154 /* SnapshotTesting */ = {
			isa = XCSwiftPackageProductDependency;
			package = DB82F92A69FFF061C0D775BE /* XCRemoteSwiftPackageReference "swift-snapshot-testing" */;
			productName = SnapshotTesting;
		};
/* End XCSwiftPackageProductDependency section */
	};
	rootObject = 635BAEA2ED632A270CD09824 /* Project object */;
}
